PODS:
  - FlutterMacOS (1.0.0)
  - jumper_sdk_platform (0.0.1):
    - FlutterMacOS

DEPENDENCIES:
  - FlutterMacOS (from `Flutter/ephemeral`)
  - jumper_sdk_platform (from `Flutter/ephemeral/.symlinks/plugins/jumper_sdk_platform/macos`)

EXTERNAL SOURCES:
  FlutterMacOS:
    :path: Flutter/ephemeral
  jumper_sdk_platform:
    :path: Flutter/ephemeral/.symlinks/plugins/jumper_sdk_platform/macos

SPEC CHECKSUMS:
  FlutterMacOS: d0db08ddef1a9af05a5ec4b724367152bb0500b1
  jumper_sdk_platform: 6b74ce9a27de746b123f68e2559aa878bbac5fef

PODFILE CHECKSUM: 54d867c82ac51cbd61b565781b9fada492027009

COCOAPODS: 1.16.2
